
Microsoft Visual Studio Solution File, Format Version 12.00
# Visual Studio Version 16
VisualStudioVersion = 16.0.30804.86
MinimumVisualStudioVersion = 10.0.40219.1
Project("{9A19103F-16F7-4668-BE54-9A1E7A4F7556}") = "BirthdayRegister", "BirthdayRegister\BirthdayRegister.csproj", "{95C72EF7-2F2A-443D-B103-610F0853184C}"
EndProject
Global
	GlobalSection(SolutionConfigurationPlatforms) = preSolution
		Debug|Any CPU = Debug|Any CPU
		Release|Any CPU = Release|Any CPU
	EndGlobalSection
	GlobalSection(ProjectConfigurationPlatforms) = postSolution
		{95C72EF7-2F2A-443D-B103-610F0853184C}.Debug|Any CPU.ActiveCfg = Debug|Any CPU
		{95C72EF7-2F2A-443D-B103-610F0853184C}.Debug|Any CPU.Build.0 = Debug|Any CPU
		{95C72EF7-2F2A-443D-B103-610F0853184C}.Release|Any CPU.ActiveCfg = Release|Any CPU
		{95C72EF7-2F2A-443D-B103-610F0853184C}.Release|Any CPU.Build.0 = Release|Any CPU
	EndGlobalSection
	GlobalSection(SolutionProperties) = preSolution
		HideSolutionNode = FALSE
	EndGlobalSection
	GlobalSection(ExtensibilityGlobals) = postSolution
		SolutionGuid = {DCAE35C8-2BD6-4C32-A3A3-95AEAB3C9BC5}
	EndGlobalSection
EndGlobal
